
Microsoft Visual Studio Solution File, Format Version 12.00
# Visual Studio Version 17
VisualStudioVersion = 17.5.33516.290
MinimumVisualStudioVersion = 10.0.40219.1
Project("{FAE04EC0-301F-11D3-BF4B-00C04F79EFBC}") = "Gangbank", "Gangbank\Gangbank.csproj", "{DC07718B-D721-4F12-AA56-F58B6106590D}"
EndProject
Global
	GlobalSection(SolutionConfigurationPlatforms) = preSolution
		Debug|Any CPU = Debug|Any CPU
		Release|Any CPU = Release|Any CPU
	EndGlobalSection
	GlobalSection(ProjectConfigurationPlatforms) = postSolution
		{DC07718B-D721-4F12-AA56-F58B6106590D}.Debug|Any CPU.ActiveCfg = Debug|Any CPU
		{DC07718B-D721-4F12-AA56-F58B6106590D}.Debug|Any CPU.Build.0 = Debug|Any CPU
		{DC07718B-D721-4F12-AA56-F58B6106590D}.Release|Any CPU.ActiveCfg = Release|Any CPU
		{DC07718B-D721-4F12-AA56-F58B6106590D}.Release|Any CPU.Build.0 = Release|Any CPU
	EndGlobalSection
	GlobalSection(SolutionProperties) = preSolution
		HideSolutionNode = FALSE
	EndGlobalSection
	GlobalSection(ExtensibilityGlobals) = postSolution
		SolutionGuid = {CB82E248-608D-4325-9D93-00148CE8E964}
	EndGlobalSection
EndGlobal
